// !$*UTF8*$!
{
	archiveVersion = 1;
	classes = {
	};
	objectVersion = 46;
	objects = {

/* Begin PBXBuildFile section */
		D2982F6D18819F34004E8886 /* Foundation.framework in Frameworks */ = {isa = PBXBuildFile; fileRef = D2982F6C18819F34004E8886 /* Foundation.framework */; };
		D2982F6F18819F34004E8886 /* CoreGraphics.framework in Frameworks */ = {isa = PBXBuildFile; fileRef = D2982F6E18819F34004E8886 /* CoreGraphics.framework */; };
		D2982F7118819F34004E8886 /* UIKit.framework in Frameworks */ = {isa = PBXBuildFile; fileRef = D2982F7018819F34004E8886 /* UIKit.framework */; };
		D2982F7718819F34004E8886 /* InfoPlist.strings in Resources */ = {isa = PBXBuildFile; fileRef = D2982F7518819F34004E8886 /* InfoPlist.strings */; };
		D2982F7918819F34004E8886 /* main.m in Sources */ = {isa = PBXBuildFile; fileRef = D2982F7818819F34004E8886 /* main.m */; };
		D2982F7D18819F34004E8886 /* AppDelegate.m in Sources */ = {isa = PBXBuildFile; fileRef = D2982F7C18819F34004E8886 /* AppDelegate.m */; };
		D2982F8018819F34004E8886 /* Main.storyboard in Resources */ = {isa = PBXBuildFile; fileRef = D2982F7E18819F34004E8886 /* Main.storyboard */; };
		D2982F8318819F34004E8886 /* ViewController.m in Sources */ = {isa = PBXBuildFile; fileRef = D2982F8218819F34004E8886 /* ViewController.m */; };
		D2982F8518819F34004E8886 /* Images.xcassets in Resources */ = {isa = PBXBuildFile; fileRef = D2982F8418819F34004E8886 /* Images.xcassets */; };
		D2982F8C18819F34004E8886 /* XCTest.framework in Frameworks */ = {isa = PBXBuildFile; fileRef = D2982F8B18819F34004E8886 /* XCTest.framework */; };
		D2982F8D18819F34004E8886 /* Foundation.framework in Frameworks */ = {isa = PBXBuildFile; fileRef = D2982F6C18819F34004E8886 /* Foundation.framework */; };
		D2982F8E18819F34004E8886 /* UIKit.framework in Frameworks */ = {isa = PBXBuildFile; fileRef = D2982F7018819F34004E8886 /* UIKit.framework */; };
		D2982F9618819F34004E8886 /* InfoPlist.strings in Resources */ = {isa = PBXBuildFile; fileRef = D2982F9418819F34004E8886 /* InfoPlist.strings */; };
		D2982F9818819F34004E8886 /* SQLiteTestTests.m in Sources */ = {isa = PBXBuildFile; fileRef = D2982F9718819F34004E8886 /* SQLiteTestTests.m */; };
		D2982FA218819F3E004E8886 /* libsqlite3.dylib in Frameworks */ = {isa = PBXBuildFile; fileRef = D2982FA118819F3E004E8886 /* libsqlite3.dylib */; };
		D2982FA51881A79B004E8886 /* Movie.m in Sources */ = {isa = PBXBuildFile; fileRef = D2982FA41881A79B004E8886 /* Movie.m */; };
/* End PBXBuildFile section */

/* Begin PBXContainerItemProxy section */
		D2982F8F18819F34004E8886 /* PBXContainerItemProxy */ = {
			isa = PBXContainerItemProxy;
			containerPortal = D2982F6118819F34004E8886 /* Project object */;
			proxyType = 1;
			remoteGlobalIDString = D2982F6818819F34004E8886;
			remoteInfo = SQLiteTest;
		};
/* End PBXContainerItemProxy section */

/* Begin PBXFileReference section */
		D2982F6918819F34004E8886 /* SQLiteTest.app */ = {isa = PBXFileReference; explicitFileType = wrapper.application; includeInIndex = 0; path = SQLiteTest.app; sourceTree = BUILT_PRODUCTS_DIR; };
		D2982F6C18819F34004E8886 /* Foundation.framework */ = {isa = PBXFileReference; lastKnownFileType = wrapper.framework; name = Foundation.framework; path = System/Library/Frameworks/Foundation.framework; sourceTree = SDKROOT; };
		D2982F6E18819F34004E8886 /* CoreGraphics.framework */ = {isa = PBXFileReference; lastKnownFileType = wrapper.framework; name = CoreGraphics.framework; path = System/Library/Frameworks/CoreGraphics.framework; sourceTree = SDKROOT; };
		D2982F7018819F34004E8886 /* UIKit.framework */ = {isa = PBXFileReference; lastKnownFileType = wrapper.framework; name = UIKit.framework; path = System/Library/Frameworks/UIKit.framework; sourceTree = SDKROOT; };
		D2982F7418819F34004E8886 /* SQLiteTest-Info.plist */ = {isa = PBXFileReference; lastKnownFileType = text.plist.xml; path = "SQLiteTest-Info.plist"; sourceTree = "<group>"; };
		D2982F7618819F34004E8886 /* en */ = {isa = PBXFileReference; lastKnownFileType = text.plist.strings; name = en; path = en.lproj/InfoPlist.strings; sourceTree = "<group>"; };
		D2982F7818819F34004E8886 /* main.m */ = {isa = PBXFileReference; lastKnownFileType = sourcecode.c.objc; path = main.m; sourceTree = "<group>"; };
		D2982F7A18819F34004E8886 /* SQLiteTest-Prefix.pch */ = {isa = PBXFileReference; lastKnownFileType = sourcecode.c.h; path = "SQLiteTest-Prefix.pch"; sourceTree = "<group>"; };
		D2982F7B18819F34004E8886 /* AppDelegate.h */ = {isa = PBXFileReference; lastKnownFileType = sourcecode.c.h; path = AppDelegate.h; sourceTree = "<group>"; };
		D2982F7C18819F34004E8886 /* AppDelegate.m */ = {isa = PBXFileReference; lastKnownFileType = sourcecode.c.objc; path = AppDelegate.m; sourceTree = "<group>"; };
		D2982F7F18819F34004E8886 /* Base */ = {isa = PBXFileReference; lastKnownFileType = file.storyboard; name = Base; path = Base.lproj/Main.storyboard; sourceTree = "<group>"; };
		D2982F8118819F34004E8886 /* ViewController.h */ = {isa = PBXFileReference; lastKnownFileType = sourcecode.c.h; path = ViewController.h; sourceTree = "<group>"; };
		D2982F8218819F34004E8886 /* ViewController.m */ = {isa = PBXFileReference; lastKnownFileType = sourcecode.c.objc; path = ViewController.m; sourceTree = "<group>"; };
		D2982F8418819F34004E8886 /* Images.xcassets */ = {isa = PBXFileReference; lastKnownFileType = folder.assetcatalog; path = Images.xcassets; sourceTree = "<group>"; };
		D2982F8A18819F34004E8886 /* SQLiteTestTests.xctest */ = {isa = PBXFileReference; explicitFileType = wrapper.cfbundle; includeInIndex = 0; path = SQLiteTestTests.xctest; sourceTree = BUILT_PRODUCTS_DIR; };
		D2982F8B18819F34004E8886 /* XCTest.framework */ = {isa = PBXFileReference; lastKnownFileType = wrapper.framework; name = XCTest.framework; path = Library/Frameworks/XCTest.framework; sourceTree = DEVELOPER_DIR; };
		D2982F9318819F34004E8886 /* SQLiteTestTests-Info.plist */ = {isa = PBXFileReference; lastKnownFileType = text.plist.xml; path = "SQLiteTestTests-Info.plist"; sourceTree = "<group>"; };
		D2982F9518819F34004E8886 /* en */ = {isa = PBXFileReference; lastKnownFileType = text.plist.strings; name = en; path = en.lproj/InfoPlist.strings; sourceTree = "<group>"; };
		D2982F9718819F34004E8886 /* SQLiteTestTests.m */ = {isa = PBXFileReference; lastKnownFileType = sourcecode.c.objc; path = SQLiteTestTests.m; sourceTree = "<group>"; };
		D2982FA118819F3E004E8886 /* libsqlite3.dylib */ = {isa = PBXFileReference; lastKnownFileType = "compiled.mach-o.dylib"; name = libsqlite3.dylib; path = usr/lib/libsqlite3.dylib; sourceTree = SDKROOT; };
		D2982FA31881A79B004E8886 /* Movie.h */ = {isa = PBXFileReference; fileEncoding = 4; lastKnownFileType = sourcecode.c.h; path = Movie.h; sourceTree = "<group>"; };
		D2982FA41881A79B004E8886 /* Movie.m */ = {isa = PBXFileReference; fileEncoding = 4; lastKnownFileType = sourcecode.c.objc; path = Movie.m; sourceTree = "<group>"; };
/* End PBXFileReference section */

/* Begin PBXFrameworksBuildPhase section */
		D2982F6618819F34004E8886 /* Frameworks */ = {
			isa = PBXFrameworksBuildPhase;
			buildActionMask = 2147483647;
			files = (
				D2982FA218819F3E004E8886 /* libsqlite3.dylib in Frameworks */,
				D2982F6F18819F34004E8886 /* CoreGraphics.framework in Frameworks */,
				D2982F7118819F34004E8886 /* UIKit.framework in Frameworks */,
				D2982F6D18819F34004E8886 /* Foundation.framework in Frameworks */,
			);
			runOnlyForDeploymentPostprocessing = 0;
		};
		D2982F8718819F34004E8886 /* Frameworks */ = {
			isa = PBXFrameworksBuildPhase;
			buildActionMask = 2147483647;
			files = (
				D2982F8C18819F34004E8886 /* XCTest.framework in Frameworks */,
				D2982F8E18819F34004E8886 /* UIKit.framework in Frameworks */,
				D2982F8D18819F34004E8886 /* Foundation.framework in Frameworks */,
			);
			runOnlyForDeploymentPostprocessing = 0;
		};
/* End PBXFrameworksBuildPhase section */

/* Begin PBXGroup section */
		D2982F6018819F34004E8886 = {
			isa = PBXGroup;
			children = (
				D2982F7218819F34004E8886 /* SQLiteTest */,
				D2982F9118819F34004E8886 /* SQLiteTestTests */,
				D2982F6B18819F34004E8886 /* Frameworks */,
				D2982F6A18819F34004E8886 /* Products */,
			);
			sourceTree = "<group>";
		};
		D2982F6A18819F34004E8886 /* Products */ = {
			isa = PBXGroup;
			children = (
				D2982F6918819F34004E8886 /* SQLiteTest.app */,
				D2982F8A18819F34004E8886 /* SQLiteTestTests.xctest */,
			);
			name = Products;
			sourceTree = "<group>";
		};
		D2982F6B18819F34004E8886 /* Frameworks */ = {
			isa = PBXGroup;
			children = (
				D2982FA118819F3E004E8886 /* libsqlite3.dylib */,
				D2982F6C18819F34004E8886 /* Foundation.framework */,
				D2982F6E18819F34004E8886 /* CoreGraphics.framework */,
				D2982F7018819F34004E8886 /* UIKit.framework */,
				D2982F8B18819F34004E8886 /* XCTest.framework */,
			);
			name = Frameworks;
			sourceTree = "<group>";
		};
		D2982F7218819F34004E8886 /* SQLiteTest */ = {
			isa = PBXGroup;
			children = (
				D2982F7B18819F34004E8886 /* AppDelegate.h */,
				D2982FA31881A79B004E8886 /* Movie.h */,
				D2982FA41881A79B004E8886 /* Movie.m */,
				D2982F7C18819F34004E8886 /* AppDelegate.m */,
				D2982F7E18819F34004E8886 /* Main.storyboard */,
				D2982F8118819F34004E8886 /* ViewController.h */,
				D2982F8218819F34004E8886 /* ViewController.m */,
				D2982F8418819F34004E8886 /* Images.xcassets */,
				D2982F7318819F34004E8886 /* Supporting Files */,
			);
			path = SQLiteTest;
			sourceTree = "<group>";
		};
		D2982F7318819F34004E8886 /* Supporting Files */ = {
			isa = PBXGroup;
			children = (
				D2982F7418819F34004E8886 /* SQLiteTest-Info.plist */,
				D2982F7518819F34004E8886 /* InfoPlist.strings */,
				D2982F7818819F34004E8886 /* main.m */,
				D2982F7A18819F34004E8886 /* SQLiteTest-Prefix.pch */,
			);
			name = "Supporting Files";
			sourceTree = "<group>";
		};
		D2982F9118819F34004E8886 /* SQLiteTestTests */ = {
			isa = PBXGroup;
			children = (
				D2982F9718819F34004E8886 /* SQLiteTestTests.m */,
				D2982F9218819F34004E8886 /* Supporting Files */,
			);
			path = SQLiteTestTests;
			sourceTree = "<group>";
		};
		D2982F9218819F34004E8886 /* Supporting Files */ = {
			isa = PBXGroup;
			children = (
				D2982F9318819F34004E8886 /* SQLiteTestTests-Info.plist */,
				D2982F9418819F34004E8886 /* InfoPlist.strings */,
			);
			name = "Supporting Files";
			sourceTree = "<group>";
		};
/* End PBXGroup section */

/* Begin PBXNativeTarget section */
		D2982F6818819F34004E8886 /* SQLiteTest */ = {
			isa = PBXNativeTarget;
			buildConfigurationList = D2982F9B18819F35004E8886 /* Build configuration list for PBXNativeTarget "SQLiteTest" */;
			buildPhases = (
				D2982F6518819F34004E8886 /* Sources */,
				D2982F6618819F34004E8886 /* Frameworks */,
				D2982F6718819F34004E8886 /* Resources */,
			);
			buildRules = (
			);
			dependencies = (
			);
			name = SQLiteTest;
			productName = SQLiteTest;
			productReference = D2982F6918819F34004E8886 /* SQLiteTest.app */;
			productType = "com.apple.product-type.application";
		};
		D2982F8918819F34004E8886 /* SQLiteTestTests */ = {
			isa = PBXNativeTarget;
			buildConfigurationList = D2982F9E18819F35004E8886 /* Build configuration list for PBXNativeTarget "SQLiteTestTests" */;
			buildPhases = (
				D2982F8618819F34004E8886 /* Sources */,
				D2982F8718819F34004E8886 /* Frameworks */,
				D2982F8818819F34004E8886 /* Resources */,
			);
			buildRules = (
			);
			dependencies = (
				D2982F9018819F34004E8886 /* PBXTargetDependency */,
			);
			name = SQLiteTestTests;
			productName = SQLiteTestTests;
			productReference = D2982F8A18819F34004E8886 /* SQLiteTestTests.xctest */;
			productType = "com.apple.product-type.bundle.unit-test";
		};
/* End PBXNativeTarget section */

/* Begin PBXProject section */
		D2982F6118819F34004E8886 /* Project object */ = {
			isa = PBXProject;
			attributes = {
				LastUpgradeCheck = 0500;
				ORGANIZATIONNAME = STD1;
				TargetAttributes = {
					D2982F8918819F34004E8886 = {
						TestTargetID = D2982F6818819F34004E8886;
					};
				};
			};
			buildConfigurationList = D2982F6418819F34004E8886 /* Build configuration list for PBXProject "SQLiteTest" */;
			compatibilityVersion = "Xcode 3.2";
			developmentRegion = English;
			hasScannedForEncodings = 0;
			knownRegions = (
				en,
				Base,
			);
			mainGroup = D2982F6018819F34004E8886;
			productRefGroup = D2982F6A18819F34004E8886 /* Products */;
			projectDirPath = "";
			projectRoot = "";
			targets = (
				D2982F6818819F34004E8886 /* SQLiteTest */,
				D2982F8918819F34004E8886 /* SQLiteTestTests */,
			);
		};
/* End PBXProject section */

/* Begin PBXResourcesBuildPhase section */
		D2982F6718819F34004E8886 /* Resources */ = {
			isa = PBXResourcesBuildPhase;
			buildActionMask = 2147483647;
			files = (
				D2982F8518819F34004E8886 /* Images.xcassets in Resources */,
				D2982F7718819F34004E8886 /* InfoPlist.strings in Resources */,
				D2982F8018819F34004E8886 /* Main.storyboard in Resources */,
			);
			runOnlyForDeploymentPostprocessing = 0;
		};
		D2982F8818819F34004E8886 /* Resources */ = {
			isa = PBXResourcesBuildPhase;
			buildActionMask = 2147483647;
			files = (
				D2982F9618819F34004E8886 /* InfoPlist.strings in Resources */,
			);
			runOnlyForDeploymentPostprocessing = 0;
		};
/* End PBXResourcesBuildPhase section */

/* Begin PBXSourcesBuildPhase section */
		D2982F6518819F34004E8886 /* Sources */ = {
			isa = PBXSourcesBuildPhase;
			buildActionMask = 2147483647;
			files = (
				D2982F8318819F34004E8886 /* ViewController.m in Sources */,
				D2982F7D18819F34004E8886 /* AppDelegate.m in Sources */,
				D2982FA51881A79B004E8886 /* Movie.m in Sources */,
				D2982F7918819F34004E8886 /* main.m in Sources */,
			);
			runOnlyForDeploymentPostprocessing = 0;
		};
		D2982F8618819F34004E8886 /* Sources */ = {
			isa = PBXSourcesBuildPhase;
			buildActionMask = 2147483647;
			files = (
				D2982F9818819F34004E8886 /* SQLiteTestTests.m in Sources */,
			);
			runOnlyForDeploymentPostprocessing = 0;
		};
/* End PBXSourcesBuildPhase section */

/* Begin PBXTargetDependency section */
		D2982F9018819F34004E8886 /* PBXTargetDependency */ = {
			isa = PBXTargetDependency;
			target = D2982F6818819F34004E8886 /* SQLiteTest */;
			targetProxy = D2982F8F18819F34004E8886 /* PBXContainerItemProxy */;
		};
/* End PBXTargetDependency section */

/* Begin PBXVariantGroup section */
		D2982F7518819F34004E8886 /* InfoPlist.strings */ = {
			isa = PBXVariantGroup;
			children = (
				D2982F7618819F34004E8886 /* en */,
			);
			name = InfoPlist.strings;
			sourceTree = "<group>";
		};
		D2982F7E18819F34004E8886 /* Main.storyboard */ = {
			isa = PBXVariantGroup;
			children = (
				D2982F7F18819F34004E8886 /* Base */,
			);
			name = Main.storyboard;
			sourceTree = "<group>";
		};
		D2982F9418819F34004E8886 /* InfoPlist.strings */ = {
			isa = PBXVariantGroup;
			children = (
				D2982F9518819F34004E8886 /* en */,
			);
			name = InfoPlist.strings;
			sourceTree = "<group>";
		};
/* End PBXVariantGroup section */

/* Begin XCBuildConfiguration section */
		D2982F9918819F35004E8886 /* Debug */ = {
			isa = XCBuildConfiguration;
			buildSettings = {
				ALWAYS_SEARCH_USER_PATHS = NO;
				ARCHS = "$(ARCHS_STANDARD_INCLUDING_64_BIT)";
				CLANG_CXX_LANGUAGE_STANDARD = "gnu++0x";
				CLANG_CXX_LIBRARY = "libc++";
				CLANG_ENABLE_MODULES = YES;
				CLANG_ENABLE_OBJC_ARC = YES;
				CLANG_WARN_BOOL_CONVERSION = YES;
				CLANG_WARN_CONSTANT_CONVERSION = YES;
				CLANG_WARN_DIRECT_OBJC_ISA_USAGE = YES_ERROR;
				CLANG_WARN_EMPTY_BODY = YES;
				CLANG_WARN_ENUM_CONVERSION = YES;
				CLANG_WARN_INT_CONVERSION = YES;
				CLANG_WARN_OBJC_ROOT_CLASS = YES_ERROR;
				CLANG_WARN__DUPLICATE_METHOD_MATCH = YES;
				"CODE_SIGN_IDENTITY[sdk=iphoneos*]" = "iPhone Developer";
				COPY_PHASE_STRIP = NO;
				GCC_C_LANGUAGE_STANDARD = gnu99;
				GCC_DYNAMIC_NO_PIC = NO;
				GCC_OPTIMIZATION_LEVEL = 0;
				GCC_PREPROCESSOR_DEFINITIONS = (
					"DEBUG=1",
					"$(inherited)",
				);
				GCC_SYMBOLS_PRIVATE_EXTERN = NO;
				GCC_WARN_64_TO_32_BIT_CONVERSION = YES;
				GCC_WARN_ABOUT_RETURN_TYPE = YES_ERROR;
				GCC_WARN_UNDECLARED_SELECTOR = YES;
				GCC_WARN_UNINITIALIZED_AUTOS = YES;
				GCC_WARN_UNUSED_FUNCTION = YES;
				GCC_WARN_UNUSED_VARIABLE = YES;
				IPHONEOS_DEPLOYMENT_TARGET = 7.0;
				ONLY_ACTIVE_ARCH = YES;
				SDKROOT = iphoneos;
			};
			name = Debug;
		};
		D2982F9A18819F35004E8886 /* Release */ = {
			isa = XCBuildConfiguration;
			buildSettings = {
				ALWAYS_SEARCH_USER_PATHS = NO;
				ARCHS = "$(ARCHS_STANDARD_INCLUDING_64_BIT)";
				CLANG_CXX_LANGUAGE_STANDARD = "gnu++0x";
				CLANG_CXX_LIBRARY = "libc++";
				CLANG_ENABLE_MODULES = YES;
				CLANG_ENABLE_OBJC_ARC = YES;
				CLANG_WARN_BOOL_CONVERSION = YES;
				CLANG_WARN_CONSTANT_CONVERSION = YES;
				CLANG_WARN_DIRECT_OBJC_ISA_USAGE = YES_ERROR;
				CLANG_WARN_EMPTY_BODY = YES;
				CLANG_WARN_ENUM_CONVERSION = YES;
				CLANG_WARN_INT_CONVERSION = YES;
				CLANG_WARN_OBJC_ROOT_CLASS = YES_ERROR;
				CLANG_WARN__DUPLICATE_METHOD_MATCH = YES;
				"CODE_SIGN_IDENTITY[sdk=iphoneos*]" = "iPhone Developer";
				COPY_PHASE_STRIP = YES;
				ENABLE_NS_ASSERTIONS = NO;
				GCC_C_LANGUAGE_STANDARD = gnu99;
				GCC_WARN_64_TO_32_BIT_CONVERSION = YES;
				GCC_WARN_ABOUT_RETURN_TYPE = YES_ERROR;
				GCC_WARN_UNDECLARED_SELECTOR = YES;
				GCC_WARN_UNINITIALIZED_AUTOS = YES;
				GCC_WARN_UNUSED_FUNCTION = YES;
				GCC_WARN_UNUSED_VARIABLE = YES;
				IPHONEOS_DEPLOYMENT_TARGET = 7.0;
				SDKROOT = iphoneos;
				VALIDATE_PRODUCT = YES;
			};
			name = Release;
		};
		D2982F9C18819F35004E8886 /* Debug */ = {
			isa = XCBuildConfiguration;
			buildSettings = {
				ASSETCATALOG_COMPILER_APPICON_NAME = AppIcon;
				ASSETCATALOG_COMPILER_LAUNCHIMAGE_NAME = LaunchImage;
				GCC_PRECOMPILE_PREFIX_HEADER = YES;
				GCC_PREFIX_HEADER = "SQLiteTest/SQLiteTest-Prefix.pch";
				INFOPLIST_FILE = "SQLiteTest/SQLiteTest-Info.plist";
				PRODUCT_NAME = "$(TARGET_NAME)";
				WRAPPER_EXTENSION = app;
			};
			name = Debug;
		};
		D2982F9D18819F35004E8886 /* Release */ = {
			isa = XCBuildConfiguration;
			buildSettings = {
				ASSETCATALOG_COMPILER_APPICON_NAME = AppIcon;
				ASSETCATALOG_COMPILER_LAUNCHIMAGE_NAME = LaunchImage;
				GCC_PRECOMPILE_PREFIX_HEADER = YES;
				GCC_PREFIX_HEADER = "SQLiteTest/SQLiteTest-Prefix.pch";
				INFOPLIST_FILE = "SQLiteTest/SQLiteTest-Info.plist";
				PRODUCT_NAME = "$(TARGET_NAME)";
				WRAPPER_EXTENSION = app;
			};
			name = Release;
		};
		D2982F9F18819F35004E8886 /* Debug */ = {
			isa = XCBuildConfiguration;
			buildSettings = {
				ARCHS = "$(ARCHS_STANDARD_INCLUDING_64_BIT)";
				BUNDLE_LOADER = "$(BUILT_PRODUCTS_DIR)/SQLiteTest.app/SQLiteTest";
				FRAMEWORK_SEARCH_PATHS = (
					"$(SDKROOT)/Developer/Library/Frameworks",
					"$(inherited)",
					"$(DEVELOPER_FRAMEWORKS_DIR)",
				);
				GCC_PRECOMPILE_PREFIX_HEADER = YES;
				GCC_PREFIX_HEADER = "SQLiteTest/SQLiteTest-Prefix.pch";
				GCC_PREPROCESSOR_DEFINITIONS = (
					"DEBUG=1",
					"$(inherited)",
				);
				INFOPLIST_FILE = "SQLiteTestTests/SQLiteTestTests-Info.plist";
				PRODUCT_NAME = "$(TARGET_NAME)";
				TEST_HOST = "$(BUNDLE_LOADER)";
				WRAPPER_EXTENSION = xctest;
			};
			name = Debug;
		};
		D2982FA018819F35004E8886 /* Release */ = {
			isa = XCBuildConfiguration;
			buildSettings = {
				ARCHS = "$(ARCHS_STANDARD_INCLUDING_64_BIT)";
				BUNDLE_LOADER = "$(BUILT_PRODUCTS_DIR)/SQLiteTest.app/SQLiteTest";
				FRAMEWORK_SEARCH_PATHS = (
					"$(SDKROOT)/Developer/Library/Frameworks",
					"$(inherited)",
					"$(DEVELOPER_FRAMEWORKS_DIR)",
				);
				GCC_PRECOMPILE_PREFIX_HEADER = YES;
				GCC_PREFIX_HEADER = "SQLiteTest/SQLiteTest-Prefix.pch";
				INFOPLIST_FILE = "SQLiteTestTests/SQLiteTestTests-Info.plist";
				PRODUCT_NAME = "$(TARGET_NAME)";
				TEST_HOST = "$(BUNDLE_LOADER)";
				WRAPPER_EXTENSION = xctest;
			};
			name = Release;
		};
/* End XCBuildConfiguration section */

/* Begin XCConfigurationList section */
		D2982F6418819F34004E8886 /* Build configuration list for PBXProject "SQLiteTest" */ = {
			isa = XCConfigurationList;
			buildConfigurations = (
				D2982F9918819F35004E8886 /* Debug */,
				D2982F9A18819F35004E8886 /* Release */,
			);
			defaultConfigurationIsVisible = 0;
			defaultConfigurationName = Release;
		};
		D2982F9B18819F35004E8886 /* Build configuration list for PBXNativeTarget "SQLiteTest" */ = {
			isa = XCConfigurationList;
			buildConfigurations = (
				D2982F9C18819F35004E8886 /* Debug */,
				D2982F9D18819F35004E8886 /* Release */,
			);
			defaultConfigurationIsVisible = 0;
		};
		D2982F9E18819F35004E8886 /* Build configuration list for PBXNativeTarget "SQLiteTestTests" */ = {
			isa = XCConfigurationList;
			buildConfigurations = (
				D2982F9F18819F35004E8886 /* Debug */,
				D2982FA018819F35004E8886 /* Release */,
			);
			defaultConfigurationIsVisible = 0;
		};
/* End XCConfigurationList section */
	};
	rootObject = D2982F6118819F34004E8886 /* Project object */;
}
